
Microsoft Visual Studio Solution File, Format Version 12.00
# Visual Studio Version 17
VisualStudioVersion = 17.13.35825.156 d17.13
MinimumVisualStudioVersion = 10.0.40219.1
Project("{FAE04EC0-301F-11D3-BF4B-00C04F79EFBC}") = "ModsPlaygroundCS", "ModsPlaygroundCS.csproj", "{8CB4171E-4B79-4428-8B15-B1ED0020FAE5}"
EndProject
Global
	GlobalSection(SolutionConfigurationPlatforms) = preSolution
		Debug|Any CPU = Debug|Any CPU
		Release|Any CPU = Release|Any CPU
	EndGlobalSection
	GlobalSection(ProjectConfigurationPlatforms) = postSolution
		{8CB4171E-4B79-4428-8B15-B1ED0020FAE5}.Debug|Any CPU.ActiveCfg = Debug|Any CPU
		{8CB4171E-4B79-4428-8B15-B1ED0020FAE5}.Debug|Any CPU.Build.0 = Debug|Any CPU
		{8CB4171E-4B79-4428-8B15-B1ED0020FAE5}.Release|Any CPU.ActiveCfg = Release|Any CPU
		{8CB4171E-4B79-4428-8B15-B1ED0020FAE5}.Release|Any CPU.Build.0 = Release|Any CPU
	EndGlobalSection
	GlobalSection(SolutionProperties) = preSolution
		HideSolutionNode = FALSE
	EndGlobalSection
	GlobalSection(ExtensibilityGlobals) = postSolution
		SolutionGuid = {96B7072C-61B4-4465-ABE7-AFB70092735D}
	EndGlobalSection
EndGlobal
